
Microsoft Visual Studio Solution File, Format Version 12.00
# Visual Studio Version 17
VisualStudioVersion = 17.6.33829.357
MinimumVisualStudioVersion = 10.0.40219.1
Project("{9A19103F-16F7-4668-BE54-9A1E7A4F7556}") = "ControleContatos", "ControleContatos\ControleContatos.csproj", "{AD1E93B3-5B6D-4CFC-A2DB-A0E02FA45C3F}"
EndProject
Global
	GlobalSection(SolutionConfigurationPlatforms) = preSolution
		Debug|Any CPU = Debug|Any CPU
		Release|Any CPU = Release|Any CPU
	EndGlobalSection
	GlobalSection(ProjectConfigurationPlatforms) = postSolution
		{AD1E93B3-5B6D-4CFC-A2DB-A0E02FA45C3F}.Debug|Any CPU.ActiveCfg = Debug|Any CPU
		{AD1E93B3-5B6D-4CFC-A2DB-A0E02FA45C3F}.Debug|Any CPU.Build.0 = Debug|Any CPU
		{AD1E93B3-5B6D-4CFC-A2DB-A0E02FA45C3F}.Release|Any CPU.ActiveCfg = Release|Any CPU
		{AD1E93B3-5B6D-4CFC-A2DB-A0E02FA45C3F}.Release|Any CPU.Build.0 = Release|Any CPU
	EndGlobalSection
	GlobalSection(SolutionProperties) = preSolution
		HideSolutionNode = FALSE
	EndGlobalSection
	GlobalSection(ExtensibilityGlobals) = postSolution
		SolutionGuid = {F47D9710-9EAB-4956-898A-0859339586B7}
	EndGlobalSection
EndGlobal
